# This file is generated by running "yarn install" inside your project.
# Manual changes might be lost - proceed with caution!

__metadata:
  version: 8
  cacheKey: 10c0

"@alloc/quick-lru@npm:^5.2.0":
  version: 5.2.0
  resolution: "@alloc/quick-lru@npm:5.2.0"
  checksum: 10c0/7b878c48b9d25277d0e1a9b8b2f2312a314af806b4129dc902f2bc29ab09b58236e53964689feec187b28c80d2203aff03829754773a707a8a5987f1b7682d92
  languageName: node
  linkType: hard

"@emnapi/runtime@npm:^1.2.0":
  version: 1.3.1
  resolution: "@emnapi/runtime@npm:1.3.1"
  dependencies:
    tslib: "npm:^2.4.0"
  checksum: 10c0/060ffede50f1b619c15083312b80a9e62a5b0c87aa8c1b54854c49766c9d69f8d1d3d87bd963a647071263a320db41b25eaa50b74d6a80dcc763c23dbeaafd6c
  languageName: node
  linkType: hard

"@img/sharp-darwin-arm64@npm:0.33.5":
  version: 0.33.5
  resolution: "@img/sharp-darwin-arm64@npm:0.33.5"
  dependencies:
    "@img/sharp-libvips-darwin-arm64": "npm:1.0.4"
  dependenciesMeta:
    "@img/sharp-libvips-darwin-arm64":
      optional: true
  conditions: os=darwin & cpu=arm64
  languageName: node
  linkType: hard

"@img/sharp-darwin-x64@npm:0.33.5":
  version: 0.33.5
  resolution: "@img/sharp-darwin-x64@npm:0.33.5"
  dependencies:
    "@img/sharp-libvips-darwin-x64": "npm:1.0.4"
  dependenciesMeta:
    "@img/sharp-libvips-darwin-x64":
      optional: true
  conditions: os=darwin & cpu=x64
  languageName: node
  linkType: hard

"@img/sharp-libvips-darwin-arm64@npm:1.0.4":
  version: 1.0.4
  resolution: "@img/sharp-libvips-darwin-arm64@npm:1.0.4"
  conditions: os=darwin & cpu=arm64
  languageName: node
  linkType: hard

"@img/sharp-libvips-darwin-x64@npm:1.0.4":
  version: 1.0.4
  resolution: "@img/sharp-libvips-darwin-x64@npm:1.0.4"
  conditions: os=darwin & cpu=x64
  languageName: node
  linkType: hard

"@img/sharp-libvips-linux-arm64@npm:1.0.4":
  version: 1.0.4
  resolution: "@img/sharp-libvips-linux-arm64@npm:1.0.4"
  conditions: os=linux & cpu=arm64 & libc=glibc
  languageName: node
  linkType: hard

"@img/sharp-libvips-linux-arm@npm:1.0.5":
  version: 1.0.5
  resolution: "@img/sharp-libvips-linux-arm@npm:1.0.5"
  conditions: os=linux & cpu=arm & libc=glibc
  languageName: node
  linkType: hard

"@img/sharp-libvips-linux-s390x@npm:1.0.4":
  version: 1.0.4
  resolution: "@img/sharp-libvips-linux-s390x@npm:1.0.4"
  conditions: os=linux & cpu=s390x & libc=glibc
  languageName: node
  linkType: hard

"@img/sharp-libvips-linux-x64@npm:1.0.4":
  version: 1.0.4
  resolution: "@img/sharp-libvips-linux-x64@npm:1.0.4"
  conditions: os=linux & cpu=x64 & libc=glibc
  languageName: node
  linkType: hard

"@img/sharp-libvips-linuxmusl-arm64@npm:1.0.4":
  version: 1.0.4
  resolution: "@img/sharp-libvips-linuxmusl-arm64@npm:1.0.4"
  conditions: os=linux & cpu=arm64 & libc=musl
  languageName: node
  linkType: hard

"@img/sharp-libvips-linuxmusl-x64@npm:1.0.4":
  version: 1.0.4
  resolution: "@img/sharp-libvips-linuxmusl-x64@npm:1.0.4"
  conditions: os=linux & cpu=x64 & libc=musl
  languageName: node
  linkType: hard

"@img/sharp-linux-arm64@npm:0.33.5":
  version: 0.33.5
  resolution: "@img/sharp-linux-arm64@npm:0.33.5"
  dependencies:
    "@img/sharp-libvips-linux-arm64": "npm:1.0.4"
  dependenciesMeta:
    "@img/sharp-libvips-linux-arm64":
      optional: true
  conditions: os=linux & cpu=arm64 & libc=glibc
  languageName: node
  linkType: hard

"@img/sharp-linux-arm@npm:0.33.5":
  version: 0.33.5
  resolution: "@img/sharp-linux-arm@npm:0.33.5"
  dependencies:
    "@img/sharp-libvips-linux-arm": "npm:1.0.5"
  dependenciesMeta:
    "@img/sharp-libvips-linux-arm":
      optional: true
  conditions: os=linux & cpu=arm & libc=glibc
  languageName: node
  linkType: hard

"@img/sharp-linux-s390x@npm:0.33.5":
  version: 0.33.5
  resolution: "@img/sharp-linux-s390x@npm:0.33.5"
  dependencies:
    "@img/sharp-libvips-linux-s390x": "npm:1.0.4"
  dependenciesMeta:
    "@img/sharp-libvips-linux-s390x":
      optional: true
  conditions: os=linux & cpu=s390x & libc=glibc
  languageName: node
  linkType: hard

"@img/sharp-linux-x64@npm:0.33.5":
  version: 0.33.5
  resolution: "@img/sharp-linux-x64@npm:0.33.5"
  dependencies:
    "@img/sharp-libvips-linux-x64": "npm:1.0.4"
  dependenciesMeta:
    "@img/sharp-libvips-linux-x64":
      optional: true
  conditions: os=linux & cpu=x64 & libc=glibc
  languageName: node
  linkType: hard

"@img/sharp-linuxmusl-arm64@npm:0.33.5":
  version: 0.33.5
  resolution: "@img/sharp-linuxmusl-arm64@npm:0.33.5"
  dependencies:
    "@img/sharp-libvips-linuxmusl-arm64": "npm:1.0.4"
  dependenciesMeta:
    "@img/sharp-libvips-linuxmusl-arm64":
      optional: true
  conditions: os=linux & cpu=arm64 & libc=musl
  languageName: node
  linkType: hard

"@img/sharp-linuxmusl-x64@npm:0.33.5":
  version: 0.33.5
  resolution: "@img/sharp-linuxmusl-x64@npm:0.33.5"
  dependencies:
    "@img/sharp-libvips-linuxmusl-x64": "npm:1.0.4"
  dependenciesMeta:
    "@img/sharp-libvips-linuxmusl-x64":
      optional: true
  conditions: os=linux & cpu=x64 & libc=musl
  languageName: node
  linkType: hard

"@img/sharp-wasm32@npm:0.33.5":
  version: 0.33.5
  resolution: "@img/sharp-wasm32@npm:0.33.5"
  dependencies:
    "@emnapi/runtime": "npm:^1.2.0"
  conditions: cpu=wasm32
  languageName: node
  linkType: hard

"@img/sharp-win32-ia32@npm:0.33.5":
  version: 0.33.5
  resolution: "@img/sharp-win32-ia32@npm:0.33.5"
  conditions: os=win32 & cpu=ia32
  languageName: node
  linkType: hard

"@img/sharp-win32-x64@npm:0.33.5":
  version: 0.33.5
  resolution: "@img/sharp-win32-x64@npm:0.33.5"
  conditions: os=win32 & cpu=x64
  languageName: node
  linkType: hard

"@next/env@npm:15.2.4":
  version: 15.2.4
  resolution: "@next/env@npm:15.2.4"
  checksum: 10c0/2880ebf83cee801ea118b3e5e2cf12582cf775d3bd4aa12ce4ce3f4aabbee96b72a1c72bb71e91b85df54ed57fe9141ce2bd14e9e5fc4f1f6f0233ab0129ddc6
  languageName: node
  linkType: hard

"@next/swc-darwin-arm64@npm:15.2.4":
  version: 15.2.4
  resolution: "@next/swc-darwin-arm64@npm:15.2.4"
  conditions: os=darwin & cpu=arm64
  languageName: node
  linkType: hard

"@next/swc-darwin-x64@npm:15.2.4":
  version: 15.2.4
  resolution: "@next/swc-darwin-x64@npm:15.2.4"
  conditions: os=darwin & cpu=x64
  languageName: node
  linkType: hard

"@next/swc-linux-arm64-gnu@npm:15.2.4":
  version: 15.2.4
  resolution: "@next/swc-linux-arm64-gnu@npm:15.2.4"
  conditions: os=linux & cpu=arm64 & libc=glibc
  languageName: node
  linkType: hard

"@next/swc-linux-arm64-musl@npm:15.2.4":
  version: 15.2.4
  resolution: "@next/swc-linux-arm64-musl@npm:15.2.4"
  conditions: os=linux & cpu=arm64 & libc=musl
  languageName: node
  linkType: hard

"@next/swc-linux-x64-gnu@npm:15.2.4":
  version: 15.2.4
  resolution: "@next/swc-linux-x64-gnu@npm:15.2.4"
  conditions: os=linux & cpu=x64 & libc=glibc
  languageName: node
  linkType: hard

"@next/swc-linux-x64-musl@npm:15.2.4":
  version: 15.2.4
  resolution: "@next/swc-linux-x64-musl@npm:15.2.4"
  conditions: os=linux & cpu=x64 & libc=musl
  languageName: node
  linkType: hard

"@next/swc-win32-arm64-msvc@npm:15.2.4":
  version: 15.2.4
  resolution: "@next/swc-win32-arm64-msvc@npm:15.2.4"
  conditions: os=win32 & cpu=arm64
  languageName: node
  linkType: hard

"@next/swc-win32-x64-msvc@npm:15.2.4":
  version: 15.2.4
  resolution: "@next/swc-win32-x64-msvc@npm:15.2.4"
  conditions: os=win32 & cpu=x64
  languageName: node
  linkType: hard

"@next/third-parties@npm:^15.2.4":
  version: 15.2.4
  resolution: "@next/third-parties@npm:15.2.4"
  dependencies:
    third-party-capital: "npm:1.0.20"
  peerDependencies:
    next: ^13.0.0 || ^14.0.0 || ^15.0.0
    react: ^18.2.0 || 19.0.0-rc-de68d2f4-20241204 || ^19.0.0
  checksum: 10c0/61cb5b856abe4858eea5e1afd6ebd89b6d1b4ff52db430b4270570e1726bd48a0492d073758f081625755edbc76531266a6560ec86876eed474bb2630e4aada4
  languageName: node
  linkType: hard

"@radix-ui/primitive@npm:1.1.1":
  version: 1.1.1
  resolution: "@radix-ui/primitive@npm:1.1.1"
  checksum: 10c0/6457bd8d1aa4ecb948e5d2a2484fc570698b2ab472db6d915a8f1eec04823f80423efa60b5ba840f0693bec2ca380333cc5f3b52586b40f407d9f572f9261f8d
  languageName: node
  linkType: hard

"@radix-ui/react-compose-refs@npm:1.1.1":
  version: 1.1.1
  resolution: "@radix-ui/react-compose-refs@npm:1.1.1"
  peerDependencies:
    "@types/react": "*"
    react: ^16.8 || ^17.0 || ^18.0 || ^19.0 || ^19.0.0-rc
  peerDependenciesMeta:
    "@types/react":
      optional: true
  checksum: 10c0/3e84580024e66e3cc5b9ae79355e787815c1d2a3c7d46e7f47900a29c33751ca24cf4ac8903314957ab1f7788aebe1687e2258641c188cf94653f7ddf8f70627
  languageName: node
  linkType: hard

"@radix-ui/react-context@npm:1.1.1":
  version: 1.1.1
  resolution: "@radix-ui/react-context@npm:1.1.1"
  peerDependencies:
    "@types/react": "*"
    react: ^16.8 || ^17.0 || ^18.0 || ^19.0 || ^19.0.0-rc
  peerDependenciesMeta:
    "@types/react":
      optional: true
  checksum: 10c0/fc4ace9d79d7954c715ade765e06c95d7e1b12a63a536bcbe842fb904f03f88fc5bd6e38d44bd23243d37a270b4c44380fedddaeeae2d274f0b898a20665aba2
  languageName: node
  linkType: hard

"@radix-ui/react-dialog@npm:^1.1.6":
  version: 1.1.6
  resolution: "@radix-ui/react-dialog@npm:1.1.6"
  dependencies:
    "@radix-ui/primitive": "npm:1.1.1"
    "@radix-ui/react-compose-refs": "npm:1.1.1"
    "@radix-ui/react-context": "npm:1.1.1"
    "@radix-ui/react-dismissable-layer": "npm:1.1.5"
    "@radix-ui/react-focus-guards": "npm:1.1.1"
    "@radix-ui/react-focus-scope": "npm:1.1.2"
    "@radix-ui/react-id": "npm:1.1.0"
    "@radix-ui/react-portal": "npm:1.1.4"
    "@radix-ui/react-presence": "npm:1.1.2"
    "@radix-ui/react-primitive": "npm:2.0.2"
    "@radix-ui/react-slot": "npm:1.1.2"
    "@radix-ui/react-use-controllable-state": "npm:1.1.0"
    aria-hidden: "npm:^1.2.4"
    react-remove-scroll: "npm:^2.6.3"
  peerDependencies:
    "@types/react": "*"
    "@types/react-dom": "*"
    react: ^16.8 || ^17.0 || ^18.0 || ^19.0 || ^19.0.0-rc
    react-dom: ^16.8 || ^17.0 || ^18.0 || ^19.0 || ^19.0.0-rc
  peerDependenciesMeta:
    "@types/react":
      optional: true
    "@types/react-dom":
      optional: true
  checksum: 10c0/98e425549573c5d6fb0fee94ecd40427a8b8897bb2d9bb2a44fe64e484754376ff23b64fcf64e061d42fc774b9627a28cb5b1bb5652e567908dac9a8d8618705
  languageName: node
  linkType: hard

"@radix-ui/react-dismissable-layer@npm:1.1.5":
  version: 1.1.5
  resolution: "@radix-ui/react-dismissable-layer@npm:1.1.5"
  dependencies:
    "@radix-ui/primitive": "npm:1.1.1"
    "@radix-ui/react-compose-refs": "npm:1.1.1"
    "@radix-ui/react-primitive": "npm:2.0.2"
    "@radix-ui/react-use-callback-ref": "npm:1.1.0"
    "@radix-ui/react-use-escape-keydown": "npm:1.1.0"
  peerDependencies:
    "@types/react": "*"
    "@types/react-dom": "*"
    react: ^16.8 || ^17.0 || ^18.0 || ^19.0 || ^19.0.0-rc
    react-dom: ^16.8 || ^17.0 || ^18.0 || ^19.0 || ^19.0.0-rc
  peerDependenciesMeta:
    "@types/react":
      optional: true
    "@types/react-dom":
      optional: true
  checksum: 10c0/05c5adfcd42a736c456f50bdca25bf7f6b25eef7328e4c05de535fea128328666433a89d68cb1445e039c188d7f1397df6a4a02e2da0970762f2a80fd29b48ea
  languageName: node
  linkType: hard

"@radix-ui/react-focus-guards@npm:1.1.1":
  version: 1.1.1
  resolution: "@radix-ui/react-focus-guards@npm:1.1.1"
  peerDependencies:
    "@types/react": "*"
    react: ^16.8 || ^17.0 || ^18.0 || ^19.0 || ^19.0.0-rc
  peerDependenciesMeta:
    "@types/react":
      optional: true
  checksum: 10c0/2e99750ca593083a530542a185d656b45b100752353a7a193a67566e3c256414a76fa9171d152f8c0167b8d6c1fdf62b2e07750d7af2974bf8ef39eb204aa537
  languageName: node
  linkType: hard

"@radix-ui/react-focus-scope@npm:1.1.2":
  version: 1.1.2
  resolution: "@radix-ui/react-focus-scope@npm:1.1.2"
  dependencies:
    "@radix-ui/react-compose-refs": "npm:1.1.1"
    "@radix-ui/react-primitive": "npm:2.0.2"
    "@radix-ui/react-use-callback-ref": "npm:1.1.0"
  peerDependencies:
    "@types/react": "*"
    "@types/react-dom": "*"
    react: ^16.8 || ^17.0 || ^18.0 || ^19.0 || ^19.0.0-rc
    react-dom: ^16.8 || ^17.0 || ^18.0 || ^19.0 || ^19.0.0-rc
  peerDependenciesMeta:
    "@types/react":
      optional: true
    "@types/react-dom":
      optional: true
  checksum: 10c0/7b93866a9980bc938fc3fcfacfc49467c13144931c9b7a3b5423c0c3817685dc421499d73f58335f6c3c1c0f4fea9c9b7c16aa06a1d30571620787086082bea0
  languageName: node
  linkType: hard

"@radix-ui/react-id@npm:1.1.0":
  version: 1.1.0
  resolution: "@radix-ui/react-id@npm:1.1.0"
  dependencies:
    "@radix-ui/react-use-layout-effect": "npm:1.1.0"
  peerDependencies:
    "@types/react": "*"
    react: ^16.8 || ^17.0 || ^18.0 || ^19.0 || ^19.0.0-rc
  peerDependenciesMeta:
    "@types/react":
      optional: true
  checksum: 10c0/acf13e29e51ee96336837fc0cfecc306328b20b0e0070f6f0f7aa7a621ded4a1ee5537cfad58456f64bae76caa7f8769231e88dc7dc106197347ee433c275a79
  languageName: node
  linkType: hard

"@radix-ui/react-portal@npm:1.1.4":
  version: 1.1.4
  resolution: "@radix-ui/react-portal@npm:1.1.4"
  dependencies:
    "@radix-ui/react-primitive": "npm:2.0.2"
    "@radix-ui/react-use-layout-effect": "npm:1.1.0"
  peerDependencies:
    "@types/react": "*"
    "@types/react-dom": "*"
    react: ^16.8 || ^17.0 || ^18.0 || ^19.0 || ^19.0.0-rc
    react-dom: ^16.8 || ^17.0 || ^18.0 || ^19.0 || ^19.0.0-rc
  peerDependenciesMeta:
    "@types/react":
      optional: true
    "@types/react-dom":
      optional: true
  checksum: 10c0/e4038eb2f20be10d9754d099d00620f429711919d20c4c630946d9c4941f1c83ef1a3f4110c221c70486e65bc565ebba4ada22a0e7e2d179c039f2a014300793
  languageName: node
  linkType: hard

"@radix-ui/react-presence@npm:1.1.2":
  version: 1.1.2
  resolution: "@radix-ui/react-presence@npm:1.1.2"
  dependencies:
    "@radix-ui/react-compose-refs": "npm:1.1.1"
    "@radix-ui/react-use-layout-effect": "npm:1.1.0"
  peerDependencies:
    "@types/react": "*"
    "@types/react-dom": "*"
    react: ^16.8 || ^17.0 || ^18.0 || ^19.0 || ^19.0.0-rc
    react-dom: ^16.8 || ^17.0 || ^18.0 || ^19.0 || ^19.0.0-rc
  peerDependenciesMeta:
    "@types/react":
      optional: true
    "@types/react-dom":
      optional: true
  checksum: 10c0/0c6fa281368636308044df3be4c1f02733094b5e35ba04f26e610dd1c4315a245ffc758e0e176c444742a7a46f4328af1a9d8181e860175ec39338d06525a78d
  languageName: node
  linkType: hard

"@radix-ui/react-primitive@npm:2.0.2":
  version: 2.0.2
  resolution: "@radix-ui/react-primitive@npm:2.0.2"
  dependencies:
    "@radix-ui/react-slot": "npm:1.1.2"
  peerDependencies:
    "@types/react": "*"
    "@types/react-dom": "*"
    react: ^16.8 || ^17.0 || ^18.0 || ^19.0 || ^19.0.0-rc
    react-dom: ^16.8 || ^17.0 || ^18.0 || ^19.0 || ^19.0.0-rc
  peerDependenciesMeta:
    "@types/react":
      optional: true
    "@types/react-dom":
      optional: true
  checksum: 10c0/1af7a33a86f8bd2467f2300b1bb6ca9af67cae3950953ba543d2a625c17f341dff05d19056ece7b03e5ced8b9f8de99c74f806710ce0da6b9a000f2af063fffe
  languageName: node
  linkType: hard

"@radix-ui/react-slot@npm:1.1.2":
  version: 1.1.2
  resolution: "@radix-ui/react-slot@npm:1.1.2"
  dependencies:
    "@radix-ui/react-compose-refs": "npm:1.1.1"
  peerDependencies:
    "@types/react": "*"
    react: ^16.8 || ^17.0 || ^18.0 || ^19.0 || ^19.0.0-rc
  peerDependenciesMeta:
    "@types/react":
      optional: true
  checksum: 10c0/81d45091806c52b507cec80b4477e4f31189d76ffcd7845b382eb3a034e6cf1faef71b881612028d5893f7580bf9ab59daa18fbf2792042dccd755c99a18df67
  languageName: node
  linkType: hard

"@radix-ui/react-use-callback-ref@npm:1.1.0":
  version: 1.1.0
  resolution: "@radix-ui/react-use-callback-ref@npm:1.1.0"
  peerDependencies:
    "@types/react": "*"
    react: ^16.8 || ^17.0 || ^18.0 || ^19.0 || ^19.0.0-rc
  peerDependenciesMeta:
    "@types/react":
      optional: true
  checksum: 10c0/e954863f3baa151faf89ac052a5468b42650efca924417470efd1bd254b411a94c69c30de2fdbb90187b38cb984795978e12e30423dc41e4309d93d53b66d819
  languageName: node
  linkType: hard

"@radix-ui/react-use-controllable-state@npm:1.1.0":
  version: 1.1.0
  resolution: "@radix-ui/react-use-controllable-state@npm:1.1.0"
  dependencies:
    "@radix-ui/react-use-callback-ref": "npm:1.1.0"
  peerDependencies:
    "@types/react": "*"
    react: ^16.8 || ^17.0 || ^18.0 || ^19.0 || ^19.0.0-rc
  peerDependenciesMeta:
    "@types/react":
      optional: true
  checksum: 10c0/2af883b5b25822ac226e60a6bfde647c0123a76345052a90219026059b3f7225844b2c13a9a16fba859c1cda5fb3d057f2a04503f71780e607516492db4eb3a1
  languageName: node
  linkType: hard

"@radix-ui/react-use-escape-keydown@npm:1.1.0":
  version: 1.1.0
  resolution: "@radix-ui/react-use-escape-keydown@npm:1.1.0"
  dependencies:
    "@radix-ui/react-use-callback-ref": "npm:1.1.0"
  peerDependencies:
    "@types/react": "*"
    react: ^16.8 || ^17.0 || ^18.0 || ^19.0 || ^19.0.0-rc
  peerDependenciesMeta:
    "@types/react":
      optional: true
  checksum: 10c0/910fd696e5a0994b0e06b9cb68def8a865f47951a013ec240c77db2a9e1e726105602700ef5e5f01af49f2f18fe0e73164f9a9651021f28538ef8a30d91f3fbb
  languageName: node
  linkType: hard

"@radix-ui/react-use-layout-effect@npm:1.1.0":
  version: 1.1.0
  resolution: "@radix-ui/react-use-layout-effect@npm:1.1.0"
  peerDependencies:
    "@types/react": "*"
    react: ^16.8 || ^17.0 || ^18.0 || ^19.0 || ^19.0.0-rc
  peerDependenciesMeta:
    "@types/react":
      optional: true
  checksum: 10c0/9bf87ece1845c038ed95863cfccf9d75f557c2400d606343bab0ab3192b9806b9840e6aa0a0333fdf3e83cf9982632852192f3e68d7d8367bc8c788dfdf8e62b
  languageName: node
  linkType: hard

"@swc/counter@npm:0.1.3":
  version: 0.1.3
  resolution: "@swc/counter@npm:0.1.3"
  checksum: 10c0/8424f60f6bf8694cfd2a9bca45845bce29f26105cda8cf19cdb9fd3e78dc6338699e4db77a89ae449260bafa1cc6bec307e81e7fb96dbf7dcfce0eea55151356
  languageName: node
  linkType: hard

"@swc/helpers@npm:0.5.15":
  version: 0.5.15
  resolution: "@swc/helpers@npm:0.5.15"
  dependencies:
    tslib: "npm:^2.8.0"
  checksum: 10c0/33002f74f6f885f04c132960835fdfc474186983ea567606db62e86acd0680ca82f34647e8e610f4e1e422d1c16fce729dde22cd3b797ab1fd9061a825dabca4
  languageName: node
  linkType: hard

"@tailwindcss/node@npm:4.0.17":
  version: 4.0.17
  resolution: "@tailwindcss/node@npm:4.0.17"
  dependencies:
    enhanced-resolve: "npm:^5.18.1"
    jiti: "npm:^2.4.2"
    tailwindcss: "npm:4.0.17"
  checksum: 10c0/ee892bd229cdf90e68195111e076d277d591771d2eedaeffe369c6ebb980b6d5416ec5da6147d633dc2e8353475642261b9c82bc3dddd12e3b6edfc53da45c19
  languageName: node
  linkType: hard

"@tailwindcss/oxide-android-arm64@npm:4.0.17":
  version: 4.0.17
  resolution: "@tailwindcss/oxide-android-arm64@npm:4.0.17"
  conditions: os=android & cpu=arm64
  languageName: node
  linkType: hard

"@tailwindcss/oxide-darwin-arm64@npm:4.0.17":
  version: 4.0.17
  resolution: "@tailwindcss/oxide-darwin-arm64@npm:4.0.17"
  conditions: os=darwin & cpu=arm64
  languageName: node
  linkType: hard

"@tailwindcss/oxide-darwin-x64@npm:4.0.17":
  version: 4.0.17
  resolution: "@tailwindcss/oxide-darwin-x64@npm:4.0.17"
  conditions: os=darwin & cpu=x64
  languageName: node
  linkType: hard

"@tailwindcss/oxide-freebsd-x64@npm:4.0.17":
  version: 4.0.17
  resolution: "@tailwindcss/oxide-freebsd-x64@npm:4.0.17"
  conditions: os=freebsd & cpu=x64
  languageName: node
  linkType: hard

"@tailwindcss/oxide-linux-arm-gnueabihf@npm:4.0.17":
  version: 4.0.17
  resolution: "@tailwindcss/oxide-linux-arm-gnueabihf@npm:4.0.17"
  conditions: os=linux & cpu=arm
  languageName: node
  linkType: hard

"@tailwindcss/oxide-linux-arm64-gnu@npm:4.0.17":
  version: 4.0.17
  resolution: "@tailwindcss/oxide-linux-arm64-gnu@npm:4.0.17"
  conditions: os=linux & cpu=arm64 & libc=glibc
  languageName: node
  linkType: hard

"@tailwindcss/oxide-linux-arm64-musl@npm:4.0.17":
  version: 4.0.17
  resolution: "@tailwindcss/oxide-linux-arm64-musl@npm:4.0.17"
  conditions: os=linux & cpu=arm64 & libc=musl
  languageName: node
  linkType: hard

"@tailwindcss/oxide-linux-x64-gnu@npm:4.0.17":
  version: 4.0.17
  resolution: "@tailwindcss/oxide-linux-x64-gnu@npm:4.0.17"
  conditions: os=linux & cpu=x64 & libc=glibc
  languageName: node
  linkType: hard

"@tailwindcss/oxide-linux-x64-musl@npm:4.0.17":
  version: 4.0.17
  resolution: "@tailwindcss/oxide-linux-x64-musl@npm:4.0.17"
  conditions: os=linux & cpu=x64 & libc=musl
  languageName: node
  linkType: hard

"@tailwindcss/oxide-win32-arm64-msvc@npm:4.0.17":
  version: 4.0.17
  resolution: "@tailwindcss/oxide-win32-arm64-msvc@npm:4.0.17"
  conditions: os=win32 & cpu=arm64
  languageName: node
  linkType: hard

"@tailwindcss/oxide-win32-x64-msvc@npm:4.0.17":
  version: 4.0.17
  resolution: "@tailwindcss/oxide-win32-x64-msvc@npm:4.0.17"
  conditions: os=win32 & cpu=x64
  languageName: node
  linkType: hard

"@tailwindcss/oxide@npm:4.0.17":
  version: 4.0.17
  resolution: "@tailwindcss/oxide@npm:4.0.17"
  dependencies:
    "@tailwindcss/oxide-android-arm64": "npm:4.0.17"
    "@tailwindcss/oxide-darwin-arm64": "npm:4.0.17"
    "@tailwindcss/oxide-darwin-x64": "npm:4.0.17"
    "@tailwindcss/oxide-freebsd-x64": "npm:4.0.17"
    "@tailwindcss/oxide-linux-arm-gnueabihf": "npm:4.0.17"
    "@tailwindcss/oxide-linux-arm64-gnu": "npm:4.0.17"
    "@tailwindcss/oxide-linux-arm64-musl": "npm:4.0.17"
    "@tailwindcss/oxide-linux-x64-gnu": "npm:4.0.17"
    "@tailwindcss/oxide-linux-x64-musl": "npm:4.0.17"
    "@tailwindcss/oxide-win32-arm64-msvc": "npm:4.0.17"
    "@tailwindcss/oxide-win32-x64-msvc": "npm:4.0.17"
  dependenciesMeta:
    "@tailwindcss/oxide-android-arm64":
      optional: true
    "@tailwindcss/oxide-darwin-arm64":
      optional: true
    "@tailwindcss/oxide-darwin-x64":
      optional: true
    "@tailwindcss/oxide-freebsd-x64":
      optional: true
    "@tailwindcss/oxide-linux-arm-gnueabihf":
      optional: true
    "@tailwindcss/oxide-linux-arm64-gnu":
      optional: true
    "@tailwindcss/oxide-linux-arm64-musl":
      optional: true
    "@tailwindcss/oxide-linux-x64-gnu":
      optional: true
    "@tailwindcss/oxide-linux-x64-musl":
      optional: true
    "@tailwindcss/oxide-win32-arm64-msvc":
      optional: true
    "@tailwindcss/oxide-win32-x64-msvc":
      optional: true
  checksum: 10c0/9a688d08bdb41371815d10fa3abf493d82e18adf8e2e5146b246f057f3b952667f3c7612bbb9cf1eb1429dd4b86de5511ec787583214fafaf798fe1ad2b7129f
  languageName: node
  linkType: hard

"@tailwindcss/postcss@npm:^4":
  version: 4.0.17
  resolution: "@tailwindcss/postcss@npm:4.0.17"
  dependencies:
    "@alloc/quick-lru": "npm:^5.2.0"
    "@tailwindcss/node": "npm:4.0.17"
    "@tailwindcss/oxide": "npm:4.0.17"
    lightningcss: "npm:1.29.2"
    postcss: "npm:^8.4.41"
    tailwindcss: "npm:4.0.17"
  checksum: 10c0/951e20c97960c81559b288d2947ceae6e80f84c66c3cdb59a741991c09563538238169bda4b88e86ba782e91512dc2656ecdc4373fde5ba4223ead71430b2915
  languageName: node
  linkType: hard

"@types/aos@npm:^3.0.7":
  version: 3.0.7
  resolution: "@types/aos@npm:3.0.7"
  checksum: 10c0/816a1840abcf5eec59fe603bb841f2895d975bc3ca80585407932048ac12f86f1c09ede923d07b4e3b15bb72e31d3ac89652083dfe3507571d08309cfcd4d6d6
  languageName: node
  linkType: hard

"@types/node@npm:^20":
  version: 20.17.28
  resolution: "@types/node@npm:20.17.28"
  dependencies:
    undici-types: "npm:~6.19.2"
  checksum: 10c0/d77214e54d8f303d0a79fc896f8c4267b057fbc774448f6d09d24874d521293cd6036292e79b2791a6aef18895bd80dc58c1853bd8a0cf261b08500083f07273
  languageName: node
  linkType: hard

"@types/react-dom@npm:^19":
  version: 19.0.4
  resolution: "@types/react-dom@npm:19.0.4"
  peerDependencies:
    "@types/react": ^19.0.0
  checksum: 10c0/4e71853919b94df9e746a4bd73f8180e9ae13016333ce9c543dcba9f4f4c8fe6e28b038ca6ee61c24e291af8e03ca3bc5ded17c46dee938fcb32d71186fda7a3
  languageName: node
  linkType: hard

"@types/react@npm:^19":
  version: 19.0.12
  resolution: "@types/react@npm:19.0.12"
  dependencies:
    csstype: "npm:^3.0.2"
  checksum: 10c0/c814b6af5c0fbcf5c65d031b1c9bf98c5b857e015254d95811f2851b27b869c3d31c6f35dab127dc6921a3dbda0b0622c6323d493a14b31b231a6a58c41c5e84
  languageName: node
  linkType: hard

"aos@npm:^2.3.4":
  version: 2.3.4
  resolution: "aos@npm:2.3.4"
  dependencies:
    classlist-polyfill: "npm:^1.0.3"
    lodash.debounce: "npm:^4.0.6"
    lodash.throttle: "npm:^4.0.1"
  checksum: 10c0/8448609a2de91d46361881210163162835d39369b35c291d6511b48816948b0f97ef278fe3e2541ac09ad34d3235f9d81c21188767643ca2f7778061eded7905
  languageName: node
  linkType: hard

"aria-hidden@npm:^1.2.4":
  version: 1.2.4
  resolution: "aria-hidden@npm:1.2.4"
  dependencies:
    tslib: "npm:^2.0.0"
  checksum: 10c0/8abcab2e1432efc4db415e97cb3959649ddf52c8fc815d7384f43f3d3abf56f1c12852575d00df9a8927f421d7e0712652dd5f8db244ea57634344e29ecfc74a
  languageName: node
  linkType: hard

"busboy@npm:1.6.0":
  version: 1.6.0
  resolution: "busboy@npm:1.6.0"
  dependencies:
    streamsearch: "npm:^1.1.0"
  checksum: 10c0/fa7e836a2b82699b6e074393428b91ae579d4f9e21f5ac468e1b459a244341d722d2d22d10920cdd849743dbece6dca11d72de939fb75a7448825cf2babfba1f
  languageName: node
  linkType: hard

"caniuse-lite@npm:^1.0.30001579":
  version: 1.0.30001707
  resolution: "caniuse-lite@npm:1.0.30001707"
  checksum: 10c0/a1beaf84bad4f6617bbc5616d6bc0c9cab73e73f7e9e09b6466af5195b1bc393e0f6f19643d7a1c88bd3f4bfa122d7bea81cf6225ec3ade57d5b1dd3478c1a1b
  languageName: node
  linkType: hard

"class-variance-authority@npm:^0.7.1":
  version: 0.7.1
  resolution: "class-variance-authority@npm:0.7.1"
  dependencies:
    clsx: "npm:^2.1.1"
  checksum: 10c0/0f438cea22131808b99272de0fa933c2532d5659773bfec0c583de7b3f038378996d3350683426b8e9c74a6286699382106d71fbec52f0dd5fbb191792cccb5b
  languageName: node
  linkType: hard

"classlist-polyfill@npm:^1.0.3":
  version: 1.2.0
  resolution: "classlist-polyfill@npm:1.2.0"
  checksum: 10c0/97a6c6865daa1f74e6219f24bb5971c6b418aa9dcec0dcaab38283dbd9388af1c0057e9bd281b7236959059d971c55705bc055ee8382ee89f0c2d70749794cf3
  languageName: node
  linkType: hard

"client-only@npm:0.0.1":
  version: 0.0.1
  resolution: "client-only@npm:0.0.1"
  checksum: 10c0/9d6cfd0c19e1c96a434605added99dff48482152af791ec4172fb912a71cff9027ff174efd8cdb2160cc7f377543e0537ffc462d4f279bc4701de3f2a3c4b358
  languageName: node
  linkType: hard

"clsx@npm:^2.1.1":
  version: 2.1.1
  resolution: "clsx@npm:2.1.1"
  checksum: 10c0/c4c8eb865f8c82baab07e71bfa8897c73454881c4f99d6bc81585aecd7c441746c1399d08363dc096c550cceaf97bd4ce1e8854e1771e9998d9f94c4fe075839
  languageName: node
  linkType: hard

"color-convert@npm:^2.0.1":
  version: 2.0.1
  resolution: "color-convert@npm:2.0.1"
  dependencies:
    color-name: "npm:~1.1.4"
  checksum: 10c0/37e1150172f2e311fe1b2df62c6293a342ee7380da7b9cfdba67ea539909afbd74da27033208d01d6d5cfc65ee7868a22e18d7e7648e004425441c0f8a15a7d7
  languageName: node
  linkType: hard

"color-name@npm:^1.0.0, color-name@npm:~1.1.4":
  version: 1.1.4
  resolution: "color-name@npm:1.1.4"
  checksum: 10c0/a1a3f914156960902f46f7f56bc62effc6c94e84b2cae157a526b1c1f74b677a47ec602bf68a61abfa2b42d15b7c5651c6dbe72a43af720bc588dff885b10f95
  languageName: node
  linkType: hard

"color-string@npm:^1.9.0":
  version: 1.9.1
  resolution: "color-string@npm:1.9.1"
  dependencies:
    color-name: "npm:^1.0.0"
    simple-swizzle: "npm:^0.2.2"
  checksum: 10c0/b0bfd74c03b1f837f543898b512f5ea353f71630ccdd0d66f83028d1f0924a7d4272deb278b9aef376cacf1289b522ac3fb175e99895283645a2dc3a33af2404
  languageName: node
  linkType: hard

"color@npm:^4.2.3":
  version: 4.2.3
  resolution: "color@npm:4.2.3"
  dependencies:
    color-convert: "npm:^2.0.1"
    color-string: "npm:^1.9.0"
  checksum: 10c0/7fbe7cfb811054c808349de19fb380252e5e34e61d7d168ec3353e9e9aacb1802674bddc657682e4e9730c2786592a4de6f8283e7e0d3870b829bb0b7b2f6118
  languageName: node
  linkType: hard

"csstype@npm:^3.0.2":
  version: 3.1.3
  resolution: "csstype@npm:3.1.3"
  checksum: 10c0/80c089d6f7e0c5b2bd83cf0539ab41474198579584fa10d86d0cafe0642202343cbc119e076a0b1aece191989477081415d66c9fefbf3c957fc2fc4b7009f248
  languageName: node
  linkType: hard

"detect-libc@npm:^2.0.3":
  version: 2.0.3
  resolution: "detect-libc@npm:2.0.3"
  checksum: 10c0/88095bda8f90220c95f162bf92cad70bd0e424913e655c20578600e35b91edc261af27531cf160a331e185c0ced93944bc7e09939143225f56312d7fd800fdb7
  languageName: node
  linkType: hard

"detect-node-es@npm:^1.1.0":
  version: 1.1.0
  resolution: "detect-node-es@npm:1.1.0"
  checksum: 10c0/e562f00de23f10c27d7119e1af0e7388407eb4b06596a25f6d79a360094a109ff285de317f02b090faae093d314cf6e73ac3214f8a5bb3a0def5bece94557fbe
  languageName: node
  linkType: hard

"enhanced-resolve@npm:^5.18.1":
  version: 5.18.1
  resolution: "enhanced-resolve@npm:5.18.1"
  dependencies:
    graceful-fs: "npm:^4.2.4"
    tapable: "npm:^2.2.0"
  checksum: 10c0/4cffd9b125225184e2abed9fdf0ed3dbd2224c873b165d0838fd066cde32e0918626cba2f1f4bf6860762f13a7e2364fd89a82b99566be2873d813573ac71846
  languageName: node
  linkType: hard

"get-nonce@npm:^1.0.0":
  version: 1.0.1
  resolution: "get-nonce@npm:1.0.1"
  checksum: 10c0/2d7df55279060bf0568549e1ffc9b84bc32a32b7541675ca092dce56317cdd1a59a98dcc4072c9f6a980779440139a3221d7486f52c488e69dc0fd27b1efb162
  languageName: node
  linkType: hard

"graceful-fs@npm:^4.2.4":
  version: 4.2.11
  resolution: "graceful-fs@npm:4.2.11"
  checksum: 10c0/386d011a553e02bc594ac2ca0bd6d9e4c22d7fa8cfbfc448a6d148c59ea881b092db9dbe3547ae4b88e55f1b01f7c4a2ecc53b310c042793e63aa44cf6c257f2
  languageName: node
  linkType: hard

"is-arrayish@npm:^0.3.1":
  version: 0.3.2
  resolution: "is-arrayish@npm:0.3.2"
  checksum: 10c0/f59b43dc1d129edb6f0e282595e56477f98c40278a2acdc8b0a5c57097c9eff8fe55470493df5775478cf32a4dc8eaf6d3a749f07ceee5bc263a78b2434f6a54
  languageName: node
  linkType: hard

"jiti@npm:^2.4.2":
  version: 2.4.2
  resolution: "jiti@npm:2.4.2"
  bin:
    jiti: lib/jiti-cli.mjs
  checksum: 10c0/4ceac133a08c8faff7eac84aabb917e85e8257f5ad659e843004ce76e981c457c390a220881748ac67ba1b940b9b729b30fb85cbaf6e7989f04b6002c94da331
  languageName: node
  linkType: hard

"lightningcss-darwin-arm64@npm:1.29.2":
  version: 1.29.2
  resolution: "lightningcss-darwin-arm64@npm:1.29.2"
  conditions: os=darwin & cpu=arm64
  languageName: node
  linkType: hard

"lightningcss-darwin-x64@npm:1.29.2":
  version: 1.29.2
  resolution: "lightningcss-darwin-x64@npm:1.29.2"
  conditions: os=darwin & cpu=x64
  languageName: node
  linkType: hard

"lightningcss-freebsd-x64@npm:1.29.2":
  version: 1.29.2
  resolution: "lightningcss-freebsd-x64@npm:1.29.2"
  conditions: os=freebsd & cpu=x64
  languageName: node
  linkType: hard

"lightningcss-linux-arm-gnueabihf@npm:1.29.2":
  version: 1.29.2
  resolution: "lightningcss-linux-arm-gnueabihf@npm:1.29.2"
  conditions: os=linux & cpu=arm
  languageName: node
  linkType: hard

"lightningcss-linux-arm64-gnu@npm:1.29.2":
  version: 1.29.2
  resolution: "lightningcss-linux-arm64-gnu@npm:1.29.2"
  conditions: os=linux & cpu=arm64 & libc=glibc
  languageName: node
  linkType: hard

"lightningcss-linux-arm64-musl@npm:1.29.2":
  version: 1.29.2
  resolution: "lightningcss-linux-arm64-musl@npm:1.29.2"
  conditions: os=linux & cpu=arm64 & libc=musl
  languageName: node
  linkType: hard

"lightningcss-linux-x64-gnu@npm:1.29.2":
  version: 1.29.2
  resolution: "lightningcss-linux-x64-gnu@npm:1.29.2"
  conditions: os=linux & cpu=x64 & libc=glibc
  languageName: node
  linkType: hard

"lightningcss-linux-x64-musl@npm:1.29.2":
  version: 1.29.2
  resolution: "lightningcss-linux-x64-musl@npm:1.29.2"
  conditions: os=linux & cpu=x64 & libc=musl
  languageName: node
  linkType: hard

"lightningcss-win32-arm64-msvc@npm:1.29.2":
  version: 1.29.2
  resolution: "lightningcss-win32-arm64-msvc@npm:1.29.2"
  conditions: os=win32 & cpu=arm64
  languageName: node
  linkType: hard

"lightningcss-win32-x64-msvc@npm:1.29.2":
  version: 1.29.2
  resolution: "lightningcss-win32-x64-msvc@npm:1.29.2"
  conditions: os=win32 & cpu=x64
  languageName: node
  linkType: hard

"lightningcss@npm:1.29.2":
  version: 1.29.2
  resolution: "lightningcss@npm:1.29.2"
  dependencies:
    detect-libc: "npm:^2.0.3"
    lightningcss-darwin-arm64: "npm:1.29.2"
    lightningcss-darwin-x64: "npm:1.29.2"
    lightningcss-freebsd-x64: "npm:1.29.2"
    lightningcss-linux-arm-gnueabihf: "npm:1.29.2"
    lightningcss-linux-arm64-gnu: "npm:1.29.2"
    lightningcss-linux-arm64-musl: "npm:1.29.2"
    lightningcss-linux-x64-gnu: "npm:1.29.2"
    lightningcss-linux-x64-musl: "npm:1.29.2"
    lightningcss-win32-arm64-msvc: "npm:1.29.2"
    lightningcss-win32-x64-msvc: "npm:1.29.2"
  dependenciesMeta:
    lightningcss-darwin-arm64:
      optional: true
    lightningcss-darwin-x64:
      optional: true
    lightningcss-freebsd-x64:
      optional: true
    lightningcss-linux-arm-gnueabihf:
      optional: true
    lightningcss-linux-arm64-gnu:
      optional: true
    lightningcss-linux-arm64-musl:
      optional: true
    lightningcss-linux-x64-gnu:
      optional: true
    lightningcss-linux-x64-musl:
      optional: true
    lightningcss-win32-arm64-msvc:
      optional: true
    lightningcss-win32-x64-msvc:
      optional: true
  checksum: 10c0/e06bb99c98e9f56cfcf37b5ce0e0198cdeeac2993ef2e5b878b6b0934fff54c7528f38bf8875e7bd71e64c9b20b29c0cada222d1e0089c8f94c1159bbb5d611f
  languageName: node
  linkType: hard

"lodash.debounce@npm:^4.0.6":
  version: 4.0.8
  resolution: "lodash.debounce@npm:4.0.8"
  checksum: 10c0/762998a63e095412b6099b8290903e0a8ddcb353ac6e2e0f2d7e7d03abd4275fe3c689d88960eb90b0dde4f177554d51a690f22a343932ecbc50a5d111849987
  languageName: node
  linkType: hard

"lodash.throttle@npm:^4.0.1":
  version: 4.1.1
  resolution: "lodash.throttle@npm:4.1.1"
  checksum: 10c0/14628013e9e7f65ac904fc82fd8ecb0e55a9c4c2416434b1dd9cf64ae70a8937f0b15376a39a68248530adc64887ed0fe2b75204b2c9ec3eea1cb2d66ddd125d
  languageName: node
  linkType: hard

"lucide-react@npm:^0.487.0":
  version: 0.487.0
  resolution: "lucide-react@npm:0.487.0"
  peerDependencies:
    react: ^16.5.1 || ^17.0.0 || ^18.0.0 || ^19.0.0
  checksum: 10c0/7177778c584b8e9545957bef28e95841c4be1b3bf473f9e2e64454c3e183d7ed0bc977c9f7b5446088023c7000151b7a3b27398d4f70025bf343782192f653ca
  languageName: node
  linkType: hard

"nanoid@npm:^3.3.6, nanoid@npm:^3.3.8":
  version: 3.3.11
  resolution: "nanoid@npm:3.3.11"
  bin:
    nanoid: bin/nanoid.cjs
  checksum: 10c0/40e7f70b3d15f725ca072dfc4f74e81fcf1fbb02e491cf58ac0c79093adc9b0a73b152bcde57df4b79cd097e13023d7504acb38404a4da7bc1cd8e887b82fe0b
  languageName: node
  linkType: hard

"next@npm:^15.2.4":
  version: 15.2.4
  resolution: "next@npm:15.2.4"
  dependencies:
    "@next/env": "npm:15.2.4"
    "@next/swc-darwin-arm64": "npm:15.2.4"
    "@next/swc-darwin-x64": "npm:15.2.4"
    "@next/swc-linux-arm64-gnu": "npm:15.2.4"
    "@next/swc-linux-arm64-musl": "npm:15.2.4"
    "@next/swc-linux-x64-gnu": "npm:15.2.4"
    "@next/swc-linux-x64-musl": "npm:15.2.4"
    "@next/swc-win32-arm64-msvc": "npm:15.2.4"
    "@next/swc-win32-x64-msvc": "npm:15.2.4"
    "@swc/counter": "npm:0.1.3"
    "@swc/helpers": "npm:0.5.15"
    busboy: "npm:1.6.0"
    caniuse-lite: "npm:^1.0.30001579"
    postcss: "npm:8.4.31"
    sharp: "npm:^0.33.5"
    styled-jsx: "npm:5.1.6"
  peerDependencies:
    "@opentelemetry/api": ^1.1.0
    "@playwright/test": ^1.41.2
    babel-plugin-react-compiler: "*"
    react: ^18.2.0 || 19.0.0-rc-de68d2f4-20241204 || ^19.0.0
    react-dom: ^18.2.0 || 19.0.0-rc-de68d2f4-20241204 || ^19.0.0
    sass: ^1.3.0
  dependenciesMeta:
    "@next/swc-darwin-arm64":
      optional: true
    "@next/swc-darwin-x64":
      optional: true
    "@next/swc-linux-arm64-gnu":
      optional: true
    "@next/swc-linux-arm64-musl":
      optional: true
    "@next/swc-linux-x64-gnu":
      optional: true
    "@next/swc-linux-x64-musl":
      optional: true
    "@next/swc-win32-arm64-msvc":
      optional: true
    "@next/swc-win32-x64-msvc":
      optional: true
    sharp:
      optional: true
  peerDependenciesMeta:
    "@opentelemetry/api":
      optional: true
    "@playwright/test":
      optional: true
    babel-plugin-react-compiler:
      optional: true
    sass:
      optional: true
  bin:
    next: dist/bin/next
  checksum: 10c0/a5c02cc0d9347e867e80ffa092ce46f00b190632e5414fb625a47eac2df25e97bdec7d193cfb6435624a7d9137543a33ca0c584bb01e838223aa32582207b766
  languageName: node
  linkType: hard

"picocolors@npm:^1.0.0, picocolors@npm:^1.1.1":
  version: 1.1.1
  resolution: "picocolors@npm:1.1.1"
  checksum: 10c0/e2e3e8170ab9d7c7421969adaa7e1b31434f789afb9b3f115f6b96d91945041ac3ceb02e9ec6fe6510ff036bcc0bf91e69a1772edc0b707e12b19c0f2d6bcf58
  languageName: node
  linkType: hard

"postcss@npm:8.4.31":
  version: 8.4.31
  resolution: "postcss@npm:8.4.31"
  dependencies:
    nanoid: "npm:^3.3.6"
    picocolors: "npm:^1.0.0"
    source-map-js: "npm:^1.0.2"
  checksum: 10c0/748b82e6e5fc34034dcf2ae88ea3d11fd09f69b6c50ecdd3b4a875cfc7cdca435c958b211e2cb52355422ab6fccb7d8f2f2923161d7a1b281029e4a913d59acf
  languageName: node
  linkType: hard

"postcss@npm:^8.4.41":
  version: 8.5.3
  resolution: "postcss@npm:8.5.3"
  dependencies:
    nanoid: "npm:^3.3.8"
    picocolors: "npm:^1.1.1"
    source-map-js: "npm:^1.2.1"
  checksum: 10c0/b75510d7b28c3ab728c8733dd01538314a18c52af426f199a3c9177e63eb08602a3938bfb66b62dc01350b9aed62087eabbf229af97a1659eb8d3513cec823b3
  languageName: node
  linkType: hard

"react-dom@npm:^19.0.0":
  version: 19.0.0
  resolution: "react-dom@npm:19.0.0"
  dependencies:
    scheduler: "npm:^0.25.0"
  peerDependencies:
    react: ^19.0.0
  checksum: 10c0/a36ce7ab507b237ae2759c984cdaad4af4096d8199fb65b3815c16825e5cfeb7293da790a3fc2184b52bfba7ba3ff31c058c01947aff6fd1a3701632aabaa6a9
  languageName: node
  linkType: hard

"react-remove-scroll-bar@npm:^2.3.7":
  version: 2.3.8
  resolution: "react-remove-scroll-bar@npm:2.3.8"
  dependencies:
    react-style-singleton: "npm:^2.2.2"
    tslib: "npm:^2.0.0"
  peerDependencies:
    "@types/react": "*"
    react: ^16.8.0 || ^17.0.0 || ^18.0.0 || ^19.0.0
  peerDependenciesMeta:
    "@types/react":
      optional: true
  checksum: 10c0/9a0675c66cbb52c325bdbfaed80987a829c4504cefd8ff2dd3b6b3afc9a1500b8ec57b212e92c1fb654396d07bbe18830a8146fe77677d2a29ce40b5e1f78654
  languageName: node
  linkType: hard

"react-remove-scroll@npm:^2.6.3":
  version: 2.6.3
  resolution: "react-remove-scroll@npm:2.6.3"
  dependencies:
    react-remove-scroll-bar: "npm:^2.3.7"
    react-style-singleton: "npm:^2.2.3"
    tslib: "npm:^2.1.0"
    use-callback-ref: "npm:^1.3.3"
    use-sidecar: "npm:^1.1.3"
  peerDependencies:
    "@types/react": "*"
    react: ^16.8.0 || ^17.0.0 || ^18.0.0 || ^19.0.0 || ^19.0.0-rc
  peerDependenciesMeta:
    "@types/react":
      optional: true
  checksum: 10c0/068e9704ff26816fffc4c8903e2c6c8df7291ee08615d7c1ab0cf8751f7080e2c5a5d78ef5d908b11b9cfc189f176d312e44cb02ea291ca0466d8283b479b438
  languageName: node
  linkType: hard

"react-style-singleton@npm:^2.2.2, react-style-singleton@npm:^2.2.3":
  version: 2.2.3
  resolution: "react-style-singleton@npm:2.2.3"
  dependencies:
    get-nonce: "npm:^1.0.0"
    tslib: "npm:^2.0.0"
  peerDependencies:
    "@types/react": "*"
    react: ^16.8.0 || ^17.0.0 || ^18.0.0 || ^19.0.0 || ^19.0.0-rc
  peerDependenciesMeta:
    "@types/react":
      optional: true
  checksum: 10c0/841938ff16d16a6b76895f4cb2e1fea957e5fe3b30febbf03a54892dae1c9153f2383e231dea0b3ba41192ad2f2849448fa859caccd288943bce32639e971bee
  languageName: node
  linkType: hard

"react@npm:^19.0.0":
  version: 19.0.0
  resolution: "react@npm:19.0.0"
  checksum: 10c0/9cad8f103e8e3a16d15cb18a0d8115d8bd9f9e1ce3420310aea381eb42aa0a4f812cf047bb5441349257a05fba8a291515691e3cb51267279b2d2c3253f38471
  languageName: node
  linkType: hard

"scheduler@npm:^0.25.0":
  version: 0.25.0
  resolution: "scheduler@npm:0.25.0"
  checksum: 10c0/a4bb1da406b613ce72c1299db43759526058fdcc413999c3c3e0db8956df7633acf395cb20eb2303b6a65d658d66b6585d344460abaee8080b4aa931f10eaafe
  languageName: node
  linkType: hard

"semver@npm:^7.6.3":
  version: 7.7.1
  resolution: "semver@npm:7.7.1"
  bin:
    semver: bin/semver.js
  checksum: 10c0/fd603a6fb9c399c6054015433051bdbe7b99a940a8fb44b85c2b524c4004b023d7928d47cb22154f8d054ea7ee8597f586605e05b52047f048278e4ac56ae958
  languageName: node
  linkType: hard

"sharp@npm:^0.33.5":
  version: 0.33.5
  resolution: "sharp@npm:0.33.5"
  dependencies:
    "@img/sharp-darwin-arm64": "npm:0.33.5"
    "@img/sharp-darwin-x64": "npm:0.33.5"
    "@img/sharp-libvips-darwin-arm64": "npm:1.0.4"
    "@img/sharp-libvips-darwin-x64": "npm:1.0.4"
    "@img/sharp-libvips-linux-arm": "npm:1.0.5"
    "@img/sharp-libvips-linux-arm64": "npm:1.0.4"
    "@img/sharp-libvips-linux-s390x": "npm:1.0.4"
    "@img/sharp-libvips-linux-x64": "npm:1.0.4"
    "@img/sharp-libvips-linuxmusl-arm64": "npm:1.0.4"
    "@img/sharp-libvips-linuxmusl-x64": "npm:1.0.4"
    "@img/sharp-linux-arm": "npm:0.33.5"
    "@img/sharp-linux-arm64": "npm:0.33.5"
    "@img/sharp-linux-s390x": "npm:0.33.5"
    "@img/sharp-linux-x64": "npm:0.33.5"
    "@img/sharp-linuxmusl-arm64": "npm:0.33.5"
    "@img/sharp-linuxmusl-x64": "npm:0.33.5"
    "@img/sharp-wasm32": "npm:0.33.5"
    "@img/sharp-win32-ia32": "npm:0.33.5"
    "@img/sharp-win32-x64": "npm:0.33.5"
    color: "npm:^4.2.3"
    detect-libc: "npm:^2.0.3"
    semver: "npm:^7.6.3"
  dependenciesMeta:
    "@img/sharp-darwin-arm64":
      optional: true
    "@img/sharp-darwin-x64":
      optional: true
    "@img/sharp-libvips-darwin-arm64":
      optional: true
    "@img/sharp-libvips-darwin-x64":
      optional: true
    "@img/sharp-libvips-linux-arm":
      optional: true
    "@img/sharp-libvips-linux-arm64":
      optional: true
    "@img/sharp-libvips-linux-s390x":
      optional: true
    "@img/sharp-libvips-linux-x64":
      optional: true
    "@img/sharp-libvips-linuxmusl-arm64":
      optional: true
    "@img/sharp-libvips-linuxmusl-x64":
      optional: true
    "@img/sharp-linux-arm":
      optional: true
    "@img/sharp-linux-arm64":
      optional: true
    "@img/sharp-linux-s390x":
      optional: true
    "@img/sharp-linux-x64":
      optional: true
    "@img/sharp-linuxmusl-arm64":
      optional: true
    "@img/sharp-linuxmusl-x64":
      optional: true
    "@img/sharp-wasm32":
      optional: true
    "@img/sharp-win32-ia32":
      optional: true
    "@img/sharp-win32-x64":
      optional: true
  checksum: 10c0/6b81421ddfe6ee524d8d77e325c5e147fef22884e1c7b1656dfd89a88d7025894115da02d5f984261bf2e6daa16f98cadd1721c4ba408b4212b1d2a60f233484
  languageName: node
  linkType: hard

"simple-swizzle@npm:^0.2.2":
  version: 0.2.2
  resolution: "simple-swizzle@npm:0.2.2"
  dependencies:
    is-arrayish: "npm:^0.3.1"
  checksum: 10c0/df5e4662a8c750bdba69af4e8263c5d96fe4cd0f9fe4bdfa3cbdeb45d2e869dff640beaaeb1ef0e99db4d8d2ec92f85508c269f50c972174851bc1ae5bd64308
  languageName: node
  linkType: hard

"site@workspace:.":
  version: 0.0.0-use.local
  resolution: "site@workspace:."
  dependencies:
    "@next/third-parties": "npm:^15.2.4"
    "@radix-ui/react-dialog": "npm:^1.1.6"
    "@tailwindcss/postcss": "npm:^4"
    "@types/aos": "npm:^3.0.7"
    "@types/node": "npm:^20"
    "@types/react": "npm:^19"
    "@types/react-dom": "npm:^19"
    aos: "npm:^2.3.4"
    class-variance-authority: "npm:^0.7.1"
    clsx: "npm:^2.1.1"
    lucide-react: "npm:^0.487.0"
    next: "npm:^15.2.4"
    react: "npm:^19.0.0"
    react-dom: "npm:^19.0.0"
    swiper: "npm:^11.2.6"
    tailwind-merge: "npm:^3.1.0"
    tailwindcss: "npm:^4"
    tw-animate-css: "npm:^1.2.5"
    typescript: "npm:^5"
  languageName: unknown
  linkType: soft

"source-map-js@npm:^1.0.2, source-map-js@npm:^1.2.1":
  version: 1.2.1
  resolution: "source-map-js@npm:1.2.1"
  checksum: 10c0/7bda1fc4c197e3c6ff17de1b8b2c20e60af81b63a52cb32ec5a5d67a20a7d42651e2cb34ebe93833c5a2a084377e17455854fee3e21e7925c64a51b6a52b0faf
  languageName: node
  linkType: hard

"streamsearch@npm:^1.1.0":
  version: 1.1.0
  resolution: "streamsearch@npm:1.1.0"
  checksum: 10c0/fbd9aecc2621364384d157f7e59426f4bfd385e8b424b5aaa79c83a6f5a1c8fd2e4e3289e95de1eb3511cb96bb333d6281a9919fafce760e4edb35b2cd2facab
  languageName: node
  linkType: hard

"styled-jsx@npm:5.1.6":
  version: 5.1.6
  resolution: "styled-jsx@npm:5.1.6"
  dependencies:
    client-only: "npm:0.0.1"
  peerDependencies:
    react: ">= 16.8.0 || 17.x.x || ^18.0.0-0 || ^19.0.0-0"
  peerDependenciesMeta:
    "@babel/core":
      optional: true
    babel-plugin-macros:
      optional: true
  checksum: 10c0/ace50e7ea5ae5ae6a3b65a50994c51fca6ae7df9c7ecfd0104c36be0b4b3a9c5c1a2374d16e2a11e256d0b20be6d47256d768ecb4f91ab390f60752a075780f5
  languageName: node
  linkType: hard

"swiper@npm:^11.2.6":
  version: 11.2.6
  resolution: "swiper@npm:11.2.6"
  checksum: 10c0/36ba63e2d1c5045f647f0f07b3a25c164393fb89b17db63f57fa9f776eb61bc5cb2c34634f80cf69caaddc209a174d0cd7be23c580785534569ea4a098b3a42c
  languageName: node
  linkType: hard

"tailwind-merge@npm:^3.1.0":
  version: 3.1.0
  resolution: "tailwind-merge@npm:3.1.0"
  checksum: 10c0/71d6dc5f8bae2f87950eefa2605a391ffef45a09759de22ba0e90976180ab3cd4fc48ed37063a617dc2ff0f48768c0006090a78bcd1f5ad0ae1c373aad16d2b6
  languageName: node
  linkType: hard

"tailwindcss@npm:4.0.17, tailwindcss@npm:^4":
  version: 4.0.17
  resolution: "tailwindcss@npm:4.0.17"
  checksum: 10c0/740c0a1c0df5bfa1aff1ff6e197493e503b068f38a8f78f77e9ea7364441fafae4b554e4d6de727758ba60d0fb52d862ce6f1524c82beb00d8789580d25c995e
  languageName: node
  linkType: hard

"tapable@npm:^2.2.0":
  version: 2.2.1
  resolution: "tapable@npm:2.2.1"
  checksum: 10c0/bc40e6efe1e554d075469cedaba69a30eeb373552aaf41caeaaa45bf56ffacc2674261b106245bd566b35d8f3329b52d838e851ee0a852120acae26e622925c9
  languageName: node
  linkType: hard

"third-party-capital@npm:1.0.20":
  version: 1.0.20
  resolution: "third-party-capital@npm:1.0.20"
  checksum: 10c0/7f45ff156ec9d7e2957a5b39061be22b780ffbd2d93c127252d908e2bff6cdd09f827a95909d457c8096e036f155006a38e355a06ee11cb6d63c7f4b150bbfb0
  languageName: node
  linkType: hard

"tslib@npm:^2.0.0, tslib@npm:^2.1.0, tslib@npm:^2.4.0, tslib@npm:^2.8.0":
  version: 2.8.1
  resolution: "tslib@npm:2.8.1"
  checksum: 10c0/9c4759110a19c53f992d9aae23aac5ced636e99887b51b9e61def52611732872ff7668757d4e4c61f19691e36f4da981cd9485e869b4a7408d689f6bf1f14e62
  languageName: node
  linkType: hard

"tw-animate-css@npm:^1.2.5":
  version: 1.2.5
  resolution: "tw-animate-css@npm:1.2.5"
  checksum: 10c0/6db58d82d3547b11596b90eeb1b951e6586c93010d464a4aadc96a72b8e5e842e5517d2ac83074cd821676c811ffc4ec99db66d1afb6ca3253d3f88e6390c575
  languageName: node
  linkType: hard

"typescript@npm:^5":
  version: 5.8.2
  resolution: "typescript@npm:5.8.2"
  bin:
    tsc: bin/tsc
    tsserver: bin/tsserver
  checksum: 10c0/5c4f6fbf1c6389b6928fe7b8fcd5dc73bb2d58cd4e3883f1d774ed5bd83b151cbac6b7ecf11723de56d4676daeba8713894b1e9af56174f2f9780ae7848ec3c6
  languageName: node
  linkType: hard

"typescript@patch:typescript@npm%3A^5#optional!builtin<compat/typescript>":
  version: 5.8.2
  resolution: "typescript@patch:typescript@npm%3A5.8.2#optional!builtin<compat/typescript>::version=5.8.2&hash=379a07"
  bin:
    tsc: bin/tsc
    tsserver: bin/tsserver
  checksum: 10c0/8a6cd29dfb59bd5a978407b93ae0edb530ee9376a5b95a42ad057a6f80ffb0c410489ccd6fe48d1d0dfad6e8adf5d62d3874bbd251f488ae30e11a1ce6dabd28
  languageName: node
  linkType: hard

"undici-types@npm:~6.19.2":
  version: 6.19.8
  resolution: "undici-types@npm:6.19.8"
  checksum: 10c0/078afa5990fba110f6824823ace86073b4638f1d5112ee26e790155f481f2a868cc3e0615505b6f4282bdf74a3d8caad715fd809e870c2bb0704e3ea6082f344
  languageName: node
  linkType: hard

"use-callback-ref@npm:^1.3.3":
  version: 1.3.3
  resolution: "use-callback-ref@npm:1.3.3"
  dependencies:
    tslib: "npm:^2.0.0"
  peerDependencies:
    "@types/react": "*"
    react: ^16.8.0 || ^17.0.0 || ^18.0.0 || ^19.0.0 || ^19.0.0-rc
  peerDependenciesMeta:
    "@types/react":
      optional: true
  checksum: 10c0/f887488c6e6075cdad4962979da1714b217bcb1ee009a9e57ce9a844bcfc4c3a99e93983dfc2e5af9e0913824d24e730090ff255e902c516dcb58d2d3837e01c
  languageName: node
  linkType: hard

"use-sidecar@npm:^1.1.3":
  version: 1.1.3
  resolution: "use-sidecar@npm:1.1.3"
  dependencies:
    detect-node-es: "npm:^1.1.0"
    tslib: "npm:^2.0.0"
  peerDependencies:
    "@types/react": "*"
    react: ^16.8.0 || ^17.0.0 || ^18.0.0 || ^19.0.0 || ^19.0.0-rc
  peerDependenciesMeta:
    "@types/react":
      optional: true
  checksum: 10c0/161599bf921cfaa41c85d2b01c871975ee99260f3e874c2d41c05890d41170297bdcf314bc5185e7a700de2034ac5b888e3efc8e9f35724f4918f53538d717c9
  languageName: node
  linkType: hard
